# Python >=3.12. Frozen direct-tool baseline dependencies.
pint==0.26.1 \
    --hash=sha256:1bbde36eae57a5a289cd05081c6405618a5899814940752064ce351cd0204f71 \
    --hash=sha256:e982b129415c09c63308f314ae44697d83e5c96f253bcc0d5b833fc3329eb6d4

flexcache==0.3 \
    --hash=sha256:18743bd5a0621bfe2cf8d519e4c3bfdf57a269c15d1ced3fb4b64e0ff4600656 \
    --hash=sha256:d43c9fea82336af6e0115e308d9d33a185390b8346a017564611f1466dcd2e32

flexparser==0.4 \
    --hash=sha256:266d98905595be2ccc5da964fe0a2c3526fbbffdc45b65b3146d75db992ef6b2 \
    --hash=sha256:3738b456192dcb3e15620f324c447721023c0293f6af9955b481e91d00179846

platformdirs==4.12.1 \
    --hash=sha256:38da801a4af303033cbffccb39030db22bf0473e6414309b02acebeee7ca8bf1 \
    --hash=sha256:7f251621befae78b2cb74616f9fc99d3fa3db0afba5035987731f8dcd430337d

typing_extensions==4.16.0 \
    --hash=sha256:481caa481374e813c1b176ada14e97f1f67a4539ce9cfeb3f350d78d6370c2e8 \
    --hash=sha256:dc983d19a509c94dba722ee6abd33940f7c05a89e243c47e907eb4db6f1a43e5
